
Microsoft Visual Studio Solution File, Format Version 12.00
# Visual Studio 14
VisualStudioVersion = 14.0.25123.0
MinimumVisualStudioVersion = 10.0.40219.1
Project("{D954291E-2A0B-460D-934E-DC6B0785DB48}") = "DataSlot", "DataSlot\DataSlot.shproj", "{0AD2D36D-B385-46B0-9FC1-E467C2041F9A}"
EndProject
Project("{FAE04EC0-301F-11D3-BF4B-00C04F79EFBC}") = "DataSlot.Xamarin", "DataSlot.Xamarin\DataSlot.Xamarin.csproj", "{67F9D3A8-F71E-4428-913F-C37AE82CDB24}"
EndProject
Project("{FAE04EC0-301F-11D3-BF4B-00C04F79EFBC}") = "DataSlot.NET40", "DataSlot.NET40\DataSlot.NET40.csproj", "{ABE0349B-51B0-48A9-8F9F-71B978CC8F5E}"
EndProject
Project("{FAE04EC0-301F-11D3-BF4B-00C04F79EFBC}") = "DataSlot.NET45", "DataSlot.NET45\DataSlot.NET45.csproj", "{0A649EAE-7AB3-46F5-93A3-68F72CD21834}"
EndProject
Project("{FAE04EC0-301F-11D3-BF4B-00C04F79EFBC}") = "DataSlot.RT81", "DataSlot.RT81\DataSlot.RT81.csproj", "{305777DA-291F-4F48-AA98-689CA25C9496}"
EndProject
Project("{FAE04EC0-301F-11D3-BF4B-00C04F79EFBC}") = "DataSlot.WP81", "DataSlot.WP81\DataSlot.WP81.csproj", "{B8111BEB-D79B-456A-9586-F3344512042F}"
EndProject
Project("{FAE04EC0-301F-11D3-BF4B-00C04F79EFBC}") = "DataSlot.PCL", "DataSlot.PCL\DataSlot.PCL.csproj", "{8A7368FE-77FD-4DF6-A2EC-7026F626C92D}"
EndProject
Project("{FAE04EC0-301F-11D3-BF4B-00C04F79EFBC}") = "DataSlot.XamarinForms", "DataSlot.XamarinForms\DataSlot.XamarinForms.csproj", "{6321D685-E0CA-4E81-856E-ECE9A35E8C25}"
EndProject
Global
	GlobalSection(SharedMSBuildProjectFiles) = preSolution
		DataSlot\DataSlot.projitems*{abe0349b-51b0-48a9-8f9f-71b978cc8f5e}*SharedItemsImports = 4
		DataSlot\DataSlot.projitems*{8a7368fe-77fd-4df6-a2ec-7026f626c92d}*SharedItemsImports = 4
		DataSlot\DataSlot.projitems*{b8111beb-d79b-456a-9586-f3344512042f}*SharedItemsImports = 4
		DataSlot\DataSlot.projitems*{0a649eae-7ab3-46f5-93a3-68f72cd21834}*SharedItemsImports = 4
		DataSlot\DataSlot.projitems*{67f9d3a8-f71e-4428-913f-c37ae82cdb24}*SharedItemsImports = 4
		DataSlot\DataSlot.projitems*{0ad2d36d-b385-46b0-9fc1-e467c2041f9a}*SharedItemsImports = 13
		DataSlot\DataSlot.projitems*{305777da-291f-4f48-aa98-689ca25c9496}*SharedItemsImports = 4
	EndGlobalSection
	GlobalSection(SolutionConfigurationPlatforms) = preSolution
		Ad-Hoc|Any CPU = Ad-Hoc|Any CPU
		Ad-Hoc|ARM = Ad-Hoc|ARM
		Ad-Hoc|iPhone = Ad-Hoc|iPhone
		Ad-Hoc|iPhoneSimulator = Ad-Hoc|iPhoneSimulator
		Ad-Hoc|x64 = Ad-Hoc|x64
		Ad-Hoc|x86 = Ad-Hoc|x86
		AppStore|Any CPU = AppStore|Any CPU
		AppStore|ARM = AppStore|ARM
		AppStore|iPhone = AppStore|iPhone
		AppStore|iPhoneSimulator = AppStore|iPhoneSimulator
		AppStore|x64 = AppStore|x64
		AppStore|x86 = AppStore|x86
		Debug|Any CPU = Debug|Any CPU
		Debug|ARM = Debug|ARM
		Debug|iPhone = Debug|iPhone
		Debug|iPhoneSimulator = Debug|iPhoneSimulator
		Debug|x64 = Debug|x64
		Debug|x86 = Debug|x86
		Release|Any CPU = Release|Any CPU
		Release|ARM = Release|ARM
		Release|iPhone = Release|iPhone
		Release|iPhoneSimulator = Release|iPhoneSimulator
		Release|x64 = Release|x64
		Release|x86 = Release|x86
	EndGlobalSection
	GlobalSection(ProjectConfigurationPlatforms) = postSolution
		{67F9D3A8-F71E-4428-913F-C37AE82CDB24}.Ad-Hoc|Any CPU.ActiveCfg = Release|Any CPU
		{67F9D3A8-F71E-4428-913F-C37AE82CDB24}.Ad-Hoc|Any CPU.Build.0 = Release|Any CPU
		{67F9D3A8-F71E-4428-913F-C37AE82CDB24}.Ad-Hoc|ARM.ActiveCfg = Release|Any CPU
		{67F9D3A8-F71E-4428-913F-C37AE82CDB24}.Ad-Hoc|ARM.Build.0 = Release|Any CPU
		{67F9D3A8-F71E-4428-913F-C37AE82CDB24}.Ad-Hoc|iPhone.ActiveCfg = Release|Any CPU
		{67F9D3A8-F71E-4428-913F-C37AE82CDB24}.Ad-Hoc|iPhone.Build.0 = Release|Any CPU
		{67F9D3A8-F71E-4428-913F-C37AE82CDB24}.Ad-Hoc|iPhoneSimulator.ActiveCfg = Release|Any CPU
		{67F9D3A8-F71E-4428-913F-C37AE82CDB24}.Ad-Hoc|iPhoneSimulator.Build.0 = Release|Any CPU
		{67F9D3A8-F71E-4428-913F-C37AE82CDB24}.Ad-Hoc|x64.ActiveCfg = Release|Any CPU
		{67F9D3A8-F71E-4428-913F-C37AE82CDB24}.Ad-Hoc|x64.Build.0 = Release|Any CPU
		{67F9D3A8-F71E-4428-913F-C37AE82CDB24}.Ad-Hoc|x86.ActiveCfg = Release|Any CPU
		{67F9D3A8-F71E-4428-913F-C37AE82CDB24}.Ad-Hoc|x86.Build.0 = Release|Any CPU
		{67F9D3A8-F71E-4428-913F-C37AE82CDB24}.AppStore|Any CPU.ActiveCfg = Release|Any CPU
		{67F9D3A8-F71E-4428-913F-C37AE82CDB24}.AppStore|Any CPU.Build.0 = Release|Any CPU
		{67F9D3A8-F71E-4428-913F-C37AE82CDB24}.AppStore|ARM.ActiveCfg = Release|Any CPU
		{67F9D3A8-F71E-4428-913F-C37AE82CDB24}.AppStore|ARM.Build.0 = Release|Any CPU
		{67F9D3A8-F71E-4428-913F-C37AE82CDB24}.AppStore|iPhone.ActiveCfg = Release|Any CPU
		{67F9D3A8-F71E-4428-913F-C37AE82CDB24}.AppStore|iPhone.Build.0 = Release|Any CPU
		{67F9D3A8-F71E-4428-913F-C37AE82CDB24}.AppStore|iPhoneSimulator.ActiveCfg = Release|Any CPU
		{67F9D3A8-F71E-4428-913F-C37AE82CDB24}.AppStore|iPhoneSimulator.Build.0 = Release|Any CPU
		{67F9D3A8-F71E-4428-913F-C37AE82CDB24}.AppStore|x64.ActiveCfg = Release|Any CPU
		{67F9D3A8-F71E-4428-913F-C37AE82CDB24}.AppStore|x64.Build.0 = Release|Any CPU
		{67F9D3A8-F71E-4428-913F-C37AE82CDB24}.AppStore|x86.ActiveCfg = Release|Any CPU
		{67F9D3A8-F71E-4428-913F-C37AE82CDB24}.AppStore|x86.Build.0 = Release|Any CPU
		{67F9D3A8-F71E-4428-913F-C37AE82CDB24}.Debug|Any CPU.ActiveCfg = Debug|Any CPU
		{67F9D3A8-F71E-4428-913F-C37AE82CDB24}.Debug|Any CPU.Build.0 = Debug|Any CPU
		{67F9D3A8-F71E-4428-913F-C37AE82CDB24}.Debug|ARM.ActiveCfg = Debug|Any CPU
		{67F9D3A8-F71E-4428-913F-C37AE82CDB24}.Debug|ARM.Build.0 = Debug|Any CPU
		{67F9D3A8-F71E-4428-913F-C37AE82CDB24}.Debug|iPhone.ActiveCfg = Debug|Any CPU
		{67F9D3A8-F71E-4428-913F-C37AE82CDB24}.Debug|iPhone.Build.0 = Debug|Any CPU
		{67F9D3A8-F71E-4428-913F-C37AE82CDB24}.Debug|iPhoneSimulator.ActiveCfg = Debug|Any CPU
		{67F9D3A8-F71E-4428-913F-C37AE82CDB24}.Debug|iPhoneSimulator.Build.0 = Debug|Any CPU
		{67F9D3A8-F71E-4428-913F-C37AE82CDB24}.Debug|x64.ActiveCfg = Debug|Any CPU
		{67F9D3A8-F71E-4428-913F-C37AE82CDB24}.Debug|x64.Build.0 = Debug|Any CPU
		{67F9D3A8-F71E-4428-913F-C37AE82CDB24}.Debug|x86.ActiveCfg = Debug|Any CPU
		{67F9D3A8-F71E-4428-913F-C37AE82CDB24}.Debug|x86.Build.0 = Debug|Any CPU
		{67F9D3A8-F71E-4428-913F-C37AE82CDB24}.Release|Any CPU.ActiveCfg = Release|Any CPU
		{67F9D3A8-F71E-4428-913F-C37AE82CDB24}.Release|Any CPU.Build.0 = Release|Any CPU
		{67F9D3A8-F71E-4428-913F-C37AE82CDB24}.Release|ARM.ActiveCfg = Release|Any CPU
		{67F9D3A8-F71E-4428-913F-C37AE82CDB24}.Release|ARM.Build.0 = Release|Any CPU
		{67F9D3A8-F71E-4428-913F-C37AE82CDB24}.Release|iPhone.ActiveCfg = Release|Any CPU
		{67F9D3A8-F71E-4428-913F-C37AE82CDB24}.Release|iPhone.Build.0 = Release|Any CPU
		{67F9D3A8-F71E-4428-913F-C37AE82CDB24}.Release|iPhoneSimulator.ActiveCfg = Release|Any CPU
		{67F9D3A8-F71E-4428-913F-C37AE82CDB24}.Release|iPhoneSimulator.Build.0 = Release|Any CPU
		{67F9D3A8-F71E-4428-913F-C37AE82CDB24}.Release|x64.ActiveCfg = Release|Any CPU
		{67F9D3A8-F71E-4428-913F-C37AE82CDB24}.Release|x64.Build.0 = Release|Any CPU
		{67F9D3A8-F71E-4428-913F-C37AE82CDB24}.Release|x86.ActiveCfg = Release|Any CPU
		{67F9D3A8-F71E-4428-913F-C37AE82CDB24}.Release|x86.Build.0 = Release|Any CPU
		{ABE0349B-51B0-48A9-8F9F-71B978CC8F5E}.Ad-Hoc|Any CPU.ActiveCfg = Release|Any CPU
		{ABE0349B-51B0-48A9-8F9F-71B978CC8F5E}.Ad-Hoc|Any CPU.Build.0 = Release|Any CPU
		{ABE0349B-51B0-48A9-8F9F-71B978CC8F5E}.Ad-Hoc|ARM.ActiveCfg = Release|Any CPU
		{ABE0349B-51B0-48A9-8F9F-71B978CC8F5E}.Ad-Hoc|ARM.Build.0 = Release|Any CPU
		{ABE0349B-51B0-48A9-8F9F-71B978CC8F5E}.Ad-Hoc|iPhone.ActiveCfg = Release|Any CPU
		{ABE0349B-51B0-48A9-8F9F-71B978CC8F5E}.Ad-Hoc|iPhone.Build.0 = Release|Any CPU
		{ABE0349B-51B0-48A9-8F9F-71B978CC8F5E}.Ad-Hoc|iPhoneSimulator.ActiveCfg = Release|Any CPU
		{ABE0349B-51B0-48A9-8F9F-71B978CC8F5E}.Ad-Hoc|iPhoneSimulator.Build.0 = Release|Any CPU
		{ABE0349B-51B0-48A9-8F9F-71B978CC8F5E}.Ad-Hoc|x64.ActiveCfg = Release|Any CPU
		{ABE0349B-51B0-48A9-8F9F-71B978CC8F5E}.Ad-Hoc|x64.Build.0 = Release|Any CPU
		{ABE0349B-51B0-48A9-8F9F-71B978CC8F5E}.Ad-Hoc|x86.ActiveCfg = Release|Any CPU
		{ABE0349B-51B0-48A9-8F9F-71B978CC8F5E}.Ad-Hoc|x86.Build.0 = Release|Any CPU
		{ABE0349B-51B0-48A9-8F9F-71B978CC8F5E}.AppStore|Any CPU.ActiveCfg = Release|Any CPU
		{ABE0349B-51B0-48A9-8F9F-71B978CC8F5E}.AppStore|Any CPU.Build.0 = Release|Any CPU
		{ABE0349B-51B0-48A9-8F9F-71B978CC8F5E}.AppStore|ARM.ActiveCfg = Release|Any CPU
		{ABE0349B-51B0-48A9-8F9F-71B978CC8F5E}.AppStore|ARM.Build.0 = Release|Any CPU
		{ABE0349B-51B0-48A9-8F9F-71B978CC8F5E}.AppStore|iPhone.ActiveCfg = Release|Any CPU
		{ABE0349B-51B0-48A9-8F9F-71B978CC8F5E}.AppStore|iPhone.Build.0 = Release|Any CPU
		{ABE0349B-51B0-48A9-8F9F-71B978CC8F5E}.AppStore|iPhoneSimulator.ActiveCfg = Release|Any CPU
		{ABE0349B-51B0-48A9-8F9F-71B978CC8F5E}.AppStore|iPhoneSimulator.Build.0 = Release|Any CPU
		{ABE0349B-51B0-48A9-8F9F-71B978CC8F5E}.AppStore|x64.ActiveCfg = Release|Any CPU
		{ABE0349B-51B0-48A9-8F9F-71B978CC8F5E}.AppStore|x64.Build.0 = Release|Any CPU
		{ABE0349B-51B0-48A9-8F9F-71B978CC8F5E}.AppStore|x86.ActiveCfg = Release|Any CPU
		{ABE0349B-51B0-48A9-8F9F-71B978CC8F5E}.AppStore|x86.Build.0 = Release|Any CPU
		{ABE0349B-51B0-48A9-8F9F-71B978CC8F5E}.Debug|Any CPU.ActiveCfg = Debug|Any CPU
		{ABE0349B-51B0-48A9-8F9F-71B978CC8F5E}.Debug|Any CPU.Build.0 = Debug|Any CPU
		{ABE0349B-51B0-48A9-8F9F-71B978CC8F5E}.Debug|ARM.ActiveCfg = Debug|Any CPU
		{ABE0349B-51B0-48A9-8F9F-71B978CC8F5E}.Debug|ARM.Build.0 = Debug|Any CPU
		{ABE0349B-51B0-48A9-8F9F-71B978CC8F5E}.Debug|iPhone.ActiveCfg = Debug|Any CPU
		{ABE0349B-51B0-48A9-8F9F-71B978CC8F5E}.Debug|iPhone.Build.0 = Debug|Any CPU
		{ABE0349B-51B0-48A9-8F9F-71B978CC8F5E}.Debug|iPhoneSimulator.ActiveCfg = Debug|Any CPU
		{ABE0349B-51B0-48A9-8F9F-71B978CC8F5E}.Debug|iPhoneSimulator.Build.0 = Debug|Any CPU
		{ABE0349B-51B0-48A9-8F9F-71B978CC8F5E}.Debug|x64.ActiveCfg = Debug|Any CPU
		{ABE0349B-51B0-48A9-8F9F-71B978CC8F5E}.Debug|x64.Build.0 = Debug|Any CPU
		{ABE0349B-51B0-48A9-8F9F-71B978CC8F5E}.Debug|x86.ActiveCfg = Debug|Any CPU
		{ABE0349B-51B0-48A9-8F9F-71B978CC8F5E}.Debug|x86.Build.0 = Debug|Any CPU
		{ABE0349B-51B0-48A9-8F9F-71B978CC8F5E}.Release|Any CPU.ActiveCfg = Release|Any CPU
		{ABE0349B-51B0-48A9-8F9F-71B978CC8F5E}.Release|Any CPU.Build.0 = Release|Any CPU
		{ABE0349B-51B0-48A9-8F9F-71B978CC8F5E}.Release|ARM.ActiveCfg = Release|Any CPU
		{ABE0349B-51B0-48A9-8F9F-71B978CC8F5E}.Release|ARM.Build.0 = Release|Any CPU
		{ABE0349B-51B0-48A9-8F9F-71B978CC8F5E}.Release|iPhone.ActiveCfg = Release|Any CPU
		{ABE0349B-51B0-48A9-8F9F-71B978CC8F5E}.Release|iPhone.Build.0 = Release|Any CPU
		{ABE0349B-51B0-48A9-8F9F-71B978CC8F5E}.Release|iPhoneSimulator.ActiveCfg = Release|Any CPU
		{ABE0349B-51B0-48A9-8F9F-71B978CC8F5E}.Release|iPhoneSimulator.Build.0 = Release|Any CPU
		{ABE0349B-51B0-48A9-8F9F-71B978CC8F5E}.Release|x64.ActiveCfg = Release|Any CPU
		{ABE0349B-51B0-48A9-8F9F-71B978CC8F5E}.Release|x64.Build.0 = Release|Any CPU
		{ABE0349B-51B0-48A9-8F9F-71B978CC8F5E}.Release|x86.ActiveCfg = Release|Any CPU
		{ABE0349B-51B0-48A9-8F9F-71B978CC8F5E}.Release|x86.Build.0 = Release|Any CPU
		{0A649EAE-7AB3-46F5-93A3-68F72CD21834}.Ad-Hoc|Any CPU.ActiveCfg = Release|Any CPU
		{0A649EAE-7AB3-46F5-93A3-68F72CD21834}.Ad-Hoc|Any CPU.Build.0 = Release|Any CPU
		{0A649EAE-7AB3-46F5-93A3-68F72CD21834}.Ad-Hoc|ARM.ActiveCfg = Release|Any CPU
		{0A649EAE-7AB3-46F5-93A3-68F72CD21834}.Ad-Hoc|ARM.Build.0 = Release|Any CPU
		{0A649EAE-7AB3-46F5-93A3-68F72CD21834}.Ad-Hoc|iPhone.ActiveCfg = Release|Any CPU
		{0A649EAE-7AB3-46F5-93A3-68F72CD21834}.Ad-Hoc|iPhone.Build.0 = Release|Any CPU
		{0A649EAE-7AB3-46F5-93A3-68F72CD21834}.Ad-Hoc|iPhoneSimulator.ActiveCfg = Release|Any CPU
		{0A649EAE-7AB3-46F5-93A3-68F72CD21834}.Ad-Hoc|iPhoneSimulator.Build.0 = Release|Any CPU
		{0A649EAE-7AB3-46F5-93A3-68F72CD21834}.Ad-Hoc|x64.ActiveCfg = Release|Any CPU
		{0A649EAE-7AB3-46F5-93A3-68F72CD21834}.Ad-Hoc|x64.Build.0 = Release|Any CPU
		{0A649EAE-7AB3-46F5-93A3-68F72CD21834}.Ad-Hoc|x86.ActiveCfg = Release|Any CPU
		{0A649EAE-7AB3-46F5-93A3-68F72CD21834}.Ad-Hoc|x86.Build.0 = Release|Any CPU
		{0A649EAE-7AB3-46F5-93A3-68F72CD21834}.AppStore|Any CPU.ActiveCfg = Release|Any CPU
		{0A649EAE-7AB3-46F5-93A3-68F72CD21834}.AppStore|Any CPU.Build.0 = Release|Any CPU
		{0A649EAE-7AB3-46F5-93A3-68F72CD21834}.AppStore|ARM.ActiveCfg = Release|Any CPU
		{0A649EAE-7AB3-46F5-93A3-68F72CD21834}.AppStore|ARM.Build.0 = Release|Any CPU
		{0A649EAE-7AB3-46F5-93A3-68F72CD21834}.AppStore|iPhone.ActiveCfg = Release|Any CPU
		{0A649EAE-7AB3-46F5-93A3-68F72CD21834}.AppStore|iPhone.Build.0 = Release|Any CPU
		{0A649EAE-7AB3-46F5-93A3-68F72CD21834}.AppStore|iPhoneSimulator.ActiveCfg = Release|Any CPU
		{0A649EAE-7AB3-46F5-93A3-68F72CD21834}.AppStore|iPhoneSimulator.Build.0 = Release|Any CPU
		{0A649EAE-7AB3-46F5-93A3-68F72CD21834}.AppStore|x64.ActiveCfg = Release|Any CPU
		{0A649EAE-7AB3-46F5-93A3-68F72CD21834}.AppStore|x64.Build.0 = Release|Any CPU
		{0A649EAE-7AB3-46F5-93A3-68F72CD21834}.AppStore|x86.ActiveCfg = Release|Any CPU
		{0A649EAE-7AB3-46F5-93A3-68F72CD21834}.AppStore|x86.Build.0 = Release|Any CPU
		{0A649EAE-7AB3-46F5-93A3-68F72CD21834}.Debug|Any CPU.ActiveCfg = Debug|Any CPU
		{0A649EAE-7AB3-46F5-93A3-68F72CD21834}.Debug|Any CPU.Build.0 = Debug|Any CPU
		{0A649EAE-7AB3-46F5-93A3-68F72CD21834}.Debug|ARM.ActiveCfg = Debug|Any CPU
		{0A649EAE-7AB3-46F5-93A3-68F72CD21834}.Debug|ARM.Build.0 = Debug|Any CPU
		{0A649EAE-7AB3-46F5-93A3-68F72CD21834}.Debug|iPhone.ActiveCfg = Debug|Any CPU
		{0A649EAE-7AB3-46F5-93A3-68F72CD21834}.Debug|iPhone.Build.0 = Debug|Any CPU
		{0A649EAE-7AB3-46F5-93A3-68F72CD21834}.Debug|iPhoneSimulator.ActiveCfg = Debug|Any CPU
		{0A649EAE-7AB3-46F5-93A3-68F72CD21834}.Debug|iPhoneSimulator.Build.0 = Debug|Any CPU
		{0A649EAE-7AB3-46F5-93A3-68F72CD21834}.Debug|x64.ActiveCfg = Debug|Any CPU
		{0A649EAE-7AB3-46F5-93A3-68F72CD21834}.Debug|x64.Build.0 = Debug|Any CPU
		{0A649EAE-7AB3-46F5-93A3-68F72CD21834}.Debug|x86.ActiveCfg = Debug|Any CPU
		{0A649EAE-7AB3-46F5-93A3-68F72CD21834}.Debug|x86.Build.0 = Debug|Any CPU
		{0A649EAE-7AB3-46F5-93A3-68F72CD21834}.Release|Any CPU.ActiveCfg = Release|Any CPU
		{0A649EAE-7AB3-46F5-93A3-68F72CD21834}.Release|Any CPU.Build.0 = Release|Any CPU
		{0A649EAE-7AB3-46F5-93A3-68F72CD21834}.Release|ARM.ActiveCfg = Release|Any CPU
		{0A649EAE-7AB3-46F5-93A3-68F72CD21834}.Release|ARM.Build.0 = Release|Any CPU
		{0A649EAE-7AB3-46F5-93A3-68F72CD21834}.Release|iPhone.ActiveCfg = Release|Any CPU
		{0A649EAE-7AB3-46F5-93A3-68F72CD21834}.Release|iPhone.Build.0 = Release|Any CPU
		{0A649EAE-7AB3-46F5-93A3-68F72CD21834}.Release|iPhoneSimulator.ActiveCfg = Release|Any CPU
		{0A649EAE-7AB3-46F5-93A3-68F72CD21834}.Release|iPhoneSimulator.Build.0 = Release|Any CPU
		{0A649EAE-7AB3-46F5-93A3-68F72CD21834}.Release|x64.ActiveCfg = Release|Any CPU
		{0A649EAE-7AB3-46F5-93A3-68F72CD21834}.Release|x64.Build.0 = Release|Any CPU
		{0A649EAE-7AB3-46F5-93A3-68F72CD21834}.Release|x86.ActiveCfg = Release|Any CPU
		{0A649EAE-7AB3-46F5-93A3-68F72CD21834}.Release|x86.Build.0 = Release|Any CPU
		{305777DA-291F-4F48-AA98-689CA25C9496}.Ad-Hoc|Any CPU.ActiveCfg = Release|Any CPU
		{305777DA-291F-4F48-AA98-689CA25C9496}.Ad-Hoc|Any CPU.Build.0 = Release|Any CPU
		{305777DA-291F-4F48-AA98-689CA25C9496}.Ad-Hoc|ARM.ActiveCfg = Release|ARM
		{305777DA-291F-4F48-AA98-689CA25C9496}.Ad-Hoc|ARM.Build.0 = Release|ARM
		{305777DA-291F-4F48-AA98-689CA25C9496}.Ad-Hoc|iPhone.ActiveCfg = Release|Any CPU
		{305777DA-291F-4F48-AA98-689CA25C9496}.Ad-Hoc|iPhone.Build.0 = Release|Any CPU
		{305777DA-291F-4F48-AA98-689CA25C9496}.Ad-Hoc|iPhoneSimulator.ActiveCfg = Release|Any CPU
		{305777DA-291F-4F48-AA98-689CA25C9496}.Ad-Hoc|iPhoneSimulator.Build.0 = Release|Any CPU
		{305777DA-291F-4F48-AA98-689CA25C9496}.Ad-Hoc|x64.ActiveCfg = Release|x64
		{305777DA-291F-4F48-AA98-689CA25C9496}.Ad-Hoc|x64.Build.0 = Release|x64
		{305777DA-291F-4F48-AA98-689CA25C9496}.Ad-Hoc|x86.ActiveCfg = Release|x86
		{305777DA-291F-4F48-AA98-689CA25C9496}.Ad-Hoc|x86.Build.0 = Release|x86
		{305777DA-291F-4F48-AA98-689CA25C9496}.AppStore|Any CPU.ActiveCfg = Release|Any CPU
		{305777DA-291F-4F48-AA98-689CA25C9496}.AppStore|Any CPU.Build.0 = Release|Any CPU
		{305777DA-291F-4F48-AA98-689CA25C9496}.AppStore|ARM.ActiveCfg = Release|ARM
		{305777DA-291F-4F48-AA98-689CA25C9496}.AppStore|ARM.Build.0 = Release|ARM
		{305777DA-291F-4F48-AA98-689CA25C9496}.AppStore|iPhone.ActiveCfg = Release|Any CPU
		{305777DA-291F-4F48-AA98-689CA25C9496}.AppStore|iPhone.Build.0 = Release|Any CPU
		{305777DA-291F-4F48-AA98-689CA25C9496}.AppStore|iPhoneSimulator.ActiveCfg = Release|Any CPU
		{305777DA-291F-4F48-AA98-689CA25C9496}.AppStore|iPhoneSimulator.Build.0 = Release|Any CPU
		{305777DA-291F-4F48-AA98-689CA25C9496}.AppStore|x64.ActiveCfg = Release|x64
		{305777DA-291F-4F48-AA98-689CA25C9496}.AppStore|x64.Build.0 = Release|x64
		{305777DA-291F-4F48-AA98-689CA25C9496}.AppStore|x86.ActiveCfg = Release|x86
		{305777DA-291F-4F48-AA98-689CA25C9496}.AppStore|x86.Build.0 = Release|x86
		{305777DA-291F-4F48-AA98-689CA25C9496}.Debug|Any CPU.ActiveCfg = Debug|Any CPU
		{305777DA-291F-4F48-AA98-689CA25C9496}.Debug|Any CPU.Build.0 = Debug|Any CPU
		{305777DA-291F-4F48-AA98-689CA25C9496}.Debug|ARM.ActiveCfg = Debug|ARM
		{305777DA-291F-4F48-AA98-689CA25C9496}.Debug|ARM.Build.0 = Debug|ARM
		{305777DA-291F-4F48-AA98-689CA25C9496}.Debug|iPhone.ActiveCfg = Debug|Any CPU
		{305777DA-291F-4F48-AA98-689CA25C9496}.Debug|iPhone.Build.0 = Debug|Any CPU
		{305777DA-291F-4F48-AA98-689CA25C9496}.Debug|iPhoneSimulator.ActiveCfg = Debug|Any CPU
		{305777DA-291F-4F48-AA98-689CA25C9496}.Debug|iPhoneSimulator.Build.0 = Debug|Any CPU
		{305777DA-291F-4F48-AA98-689CA25C9496}.Debug|x64.ActiveCfg = Debug|x64
		{305777DA-291F-4F48-AA98-689CA25C9496}.Debug|x64.Build.0 = Debug|x64
		{305777DA-291F-4F48-AA98-689CA25C9496}.Debug|x86.ActiveCfg = Debug|x86
		{305777DA-291F-4F48-AA98-689CA25C9496}.Debug|x86.Build.0 = Debug|x86
		{305777DA-291F-4F48-AA98-689CA25C9496}.Release|Any CPU.ActiveCfg = Release|Any CPU
		{305777DA-291F-4F48-AA98-689CA25C9496}.Release|Any CPU.Build.0 = Release|Any CPU
		{305777DA-291F-4F48-AA98-689CA25C9496}.Release|ARM.ActiveCfg = Release|ARM
		{305777DA-291F-4F48-AA98-689CA25C9496}.Release|ARM.Build.0 = Release|ARM
		{305777DA-291F-4F48-AA98-689CA25C9496}.Release|iPhone.ActiveCfg = Release|Any CPU
		{305777DA-291F-4F48-AA98-689CA25C9496}.Release|iPhone.Build.0 = Release|Any CPU
		{305777DA-291F-4F48-AA98-689CA25C9496}.Release|iPhoneSimulator.ActiveCfg = Release|Any CPU
		{305777DA-291F-4F48-AA98-689CA25C9496}.Release|iPhoneSimulator.Build.0 = Release|Any CPU
		{305777DA-291F-4F48-AA98-689CA25C9496}.Release|x64.ActiveCfg = Release|x64
		{305777DA-291F-4F48-AA98-689CA25C9496}.Release|x64.Build.0 = Release|x64
		{305777DA-291F-4F48-AA98-689CA25C9496}.Release|x86.ActiveCfg = Release|x86
		{305777DA-291F-4F48-AA98-689CA25C9496}.Release|x86.Build.0 = Release|x86
		{B8111BEB-D79B-456A-9586-F3344512042F}.Ad-Hoc|Any CPU.ActiveCfg = Release|Any CPU
		{B8111BEB-D79B-456A-9586-F3344512042F}.Ad-Hoc|Any CPU.Build.0 = Release|Any CPU
		{B8111BEB-D79B-456A-9586-F3344512042F}.Ad-Hoc|ARM.ActiveCfg = Release|ARM
		{B8111BEB-D79B-456A-9586-F3344512042F}.Ad-Hoc|ARM.Build.0 = Release|ARM
		{B8111BEB-D79B-456A-9586-F3344512042F}.Ad-Hoc|iPhone.ActiveCfg = Release|Any CPU
		{B8111BEB-D79B-456A-9586-F3344512042F}.Ad-Hoc|iPhone.Build.0 = Release|Any CPU
		{B8111BEB-D79B-456A-9586-F3344512042F}.Ad-Hoc|iPhoneSimulator.ActiveCfg = Release|Any CPU
		{B8111BEB-D79B-456A-9586-F3344512042F}.Ad-Hoc|iPhoneSimulator.Build.0 = Release|Any CPU
		{B8111BEB-D79B-456A-9586-F3344512042F}.Ad-Hoc|x64.ActiveCfg = Release|Any CPU
		{B8111BEB-D79B-456A-9586-F3344512042F}.Ad-Hoc|x64.Build.0 = Release|Any CPU
		{B8111BEB-D79B-456A-9586-F3344512042F}.Ad-Hoc|x86.ActiveCfg = Release|x86
		{B8111BEB-D79B-456A-9586-F3344512042F}.Ad-Hoc|x86.Build.0 = Release|x86
		{B8111BEB-D79B-456A-9586-F3344512042F}.AppStore|Any CPU.ActiveCfg = Release|Any CPU
		{B8111BEB-D79B-456A-9586-F3344512042F}.AppStore|Any CPU.Build.0 = Release|Any CPU
		{B8111BEB-D79B-456A-9586-F3344512042F}.AppStore|ARM.ActiveCfg = Release|ARM
		{B8111BEB-D79B-456A-9586-F3344512042F}.AppStore|ARM.Build.0 = Release|ARM
		{B8111BEB-D79B-456A-9586-F3344512042F}.AppStore|iPhone.ActiveCfg = Release|Any CPU
		{B8111BEB-D79B-456A-9586-F3344512042F}.AppStore|iPhone.Build.0 = Release|Any CPU
		{B8111BEB-D79B-456A-9586-F3344512042F}.AppStore|iPhoneSimulator.ActiveCfg = Release|Any CPU
		{B8111BEB-D79B-456A-9586-F3344512042F}.AppStore|iPhoneSimulator.Build.0 = Release|Any CPU
		{B8111BEB-D79B-456A-9586-F3344512042F}.AppStore|x64.ActiveCfg = Release|Any CPU
		{B8111BEB-D79B-456A-9586-F3344512042F}.AppStore|x64.Build.0 = Release|Any CPU
		{B8111BEB-D79B-456A-9586-F3344512042F}.AppStore|x86.ActiveCfg = Release|x86
		{B8111BEB-D79B-456A-9586-F3344512042F}.AppStore|x86.Build.0 = Release|x86
		{B8111BEB-D79B-456A-9586-F3344512042F}.Debug|Any CPU.ActiveCfg = Debug|Any CPU
		{B8111BEB-D79B-456A-9586-F3344512042F}.Debug|Any CPU.Build.0 = Debug|Any CPU
		{B8111BEB-D79B-456A-9586-F3344512042F}.Debug|ARM.ActiveCfg = Debug|ARM
		{B8111BEB-D79B-456A-9586-F3344512042F}.Debug|ARM.Build.0 = Debug|ARM
		{B8111BEB-D79B-456A-9586-F3344512042F}.Debug|iPhone.ActiveCfg = Debug|Any CPU
		{B8111BEB-D79B-456A-9586-F3344512042F}.Debug|iPhone.Build.0 = Debug|Any CPU
		{B8111BEB-D79B-456A-9586-F3344512042F}.Debug|iPhoneSimulator.ActiveCfg = Debug|Any CPU
		{B8111BEB-D79B-456A-9586-F3344512042F}.Debug|iPhoneSimulator.Build.0 = Debug|Any CPU
		{B8111BEB-D79B-456A-9586-F3344512042F}.Debug|x64.ActiveCfg = Debug|Any CPU
		{B8111BEB-D79B-456A-9586-F3344512042F}.Debug|x64.Build.0 = Debug|Any CPU
		{B8111BEB-D79B-456A-9586-F3344512042F}.Debug|x86.ActiveCfg = Debug|x86
		{B8111BEB-D79B-456A-9586-F3344512042F}.Debug|x86.Build.0 = Debug|x86
		{B8111BEB-D79B-456A-9586-F3344512042F}.Release|Any CPU.ActiveCfg = Release|Any CPU
		{B8111BEB-D79B-456A-9586-F3344512042F}.Release|Any CPU.Build.0 = Release|Any CPU
		{B8111BEB-D79B-456A-9586-F3344512042F}.Release|ARM.ActiveCfg = Release|ARM
		{B8111BEB-D79B-456A-9586-F3344512042F}.Release|ARM.Build.0 = Release|ARM
		{B8111BEB-D79B-456A-9586-F3344512042F}.Release|iPhone.ActiveCfg = Release|Any CPU
		{B8111BEB-D79B-456A-9586-F3344512042F}.Release|iPhone.Build.0 = Release|Any CPU
		{B8111BEB-D79B-456A-9586-F3344512042F}.Release|iPhoneSimulator.ActiveCfg = Release|Any CPU
		{B8111BEB-D79B-456A-9586-F3344512042F}.Release|iPhoneSimulator.Build.0 = Release|Any CPU
		{B8111BEB-D79B-456A-9586-F3344512042F}.Release|x64.ActiveCfg = Release|Any CPU
		{B8111BEB-D79B-456A-9586-F3344512042F}.Release|x64.Build.0 = Release|Any CPU
		{B8111BEB-D79B-456A-9586-F3344512042F}.Release|x86.ActiveCfg = Release|x86
		{B8111BEB-D79B-456A-9586-F3344512042F}.Release|x86.Build.0 = Release|x86
		{8A7368FE-77FD-4DF6-A2EC-7026F626C92D}.Ad-Hoc|Any CPU.ActiveCfg = Release|Any CPU
		{8A7368FE-77FD-4DF6-A2EC-7026F626C92D}.Ad-Hoc|Any CPU.Build.0 = Release|Any CPU
		{8A7368FE-77FD-4DF6-A2EC-7026F626C92D}.Ad-Hoc|ARM.ActiveCfg = Release|Any CPU
		{8A7368FE-77FD-4DF6-A2EC-7026F626C92D}.Ad-Hoc|ARM.Build.0 = Release|Any CPU
		{8A7368FE-77FD-4DF6-A2EC-7026F626C92D}.Ad-Hoc|iPhone.ActiveCfg = Release|Any CPU
		{8A7368FE-77FD-4DF6-A2EC-7026F626C92D}.Ad-Hoc|iPhone.Build.0 = Release|Any CPU
		{8A7368FE-77FD-4DF6-A2EC-7026F626C92D}.Ad-Hoc|iPhoneSimulator.ActiveCfg = Release|Any CPU
		{8A7368FE-77FD-4DF6-A2EC-7026F626C92D}.Ad-Hoc|iPhoneSimulator.Build.0 = Release|Any CPU
		{8A7368FE-77FD-4DF6-A2EC-7026F626C92D}.Ad-Hoc|x64.ActiveCfg = Release|Any CPU
		{8A7368FE-77FD-4DF6-A2EC-7026F626C92D}.Ad-Hoc|x64.Build.0 = Release|Any CPU
		{8A7368FE-77FD-4DF6-A2EC-7026F626C92D}.Ad-Hoc|x86.ActiveCfg = Release|Any CPU
		{8A7368FE-77FD-4DF6-A2EC-7026F626C92D}.Ad-Hoc|x86.Build.0 = Release|Any CPU
		{8A7368FE-77FD-4DF6-A2EC-7026F626C92D}.AppStore|Any CPU.ActiveCfg = Release|Any CPU
		{8A7368FE-77FD-4DF6-A2EC-7026F626C92D}.AppStore|Any CPU.Build.0 = Release|Any CPU
		{8A7368FE-77FD-4DF6-A2EC-7026F626C92D}.AppStore|ARM.ActiveCfg = Release|Any CPU
		{8A7368FE-77FD-4DF6-A2EC-7026F626C92D}.AppStore|ARM.Build.0 = Release|Any CPU
		{8A7368FE-77FD-4DF6-A2EC-7026F626C92D}.AppStore|iPhone.ActiveCfg = Release|Any CPU
		{8A7368FE-77FD-4DF6-A2EC-7026F626C92D}.AppStore|iPhone.Build.0 = Release|Any CPU
		{8A7368FE-77FD-4DF6-A2EC-7026F626C92D}.AppStore|iPhoneSimulator.ActiveCfg = Release|Any CPU
		{8A7368FE-77FD-4DF6-A2EC-7026F626C92D}.AppStore|iPhoneSimulator.Build.0 = Release|Any CPU
		{8A7368FE-77FD-4DF6-A2EC-7026F626C92D}.AppStore|x64.ActiveCfg = Release|Any CPU
		{8A7368FE-77FD-4DF6-A2EC-7026F626C92D}.AppStore|x64.Build.0 = Release|Any CPU
		{8A7368FE-77FD-4DF6-A2EC-7026F626C92D}.AppStore|x86.ActiveCfg = Release|Any CPU
		{8A7368FE-77FD-4DF6-A2EC-7026F626C92D}.AppStore|x86.Build.0 = Release|Any CPU
		{8A7368FE-77FD-4DF6-A2EC-7026F626C92D}.Debug|Any CPU.ActiveCfg = Debug|Any CPU
		{8A7368FE-77FD-4DF6-A2EC-7026F626C92D}.Debug|Any CPU.Build.0 = Debug|Any CPU
		{8A7368FE-77FD-4DF6-A2EC-7026F626C92D}.Debug|ARM.ActiveCfg = Debug|Any CPU
		{8A7368FE-77FD-4DF6-A2EC-7026F626C92D}.Debug|ARM.Build.0 = Debug|Any CPU
		{8A7368FE-77FD-4DF6-A2EC-7026F626C92D}.Debug|iPhone.ActiveCfg = Debug|Any CPU
		{8A7368FE-77FD-4DF6-A2EC-7026F626C92D}.Debug|iPhone.Build.0 = Debug|Any CPU
		{8A7368FE-77FD-4DF6-A2EC-7026F626C92D}.Debug|iPhoneSimulator.ActiveCfg = Debug|Any CPU
		{8A7368FE-77FD-4DF6-A2EC-7026F626C92D}.Debug|iPhoneSimulator.Build.0 = Debug|Any CPU
		{8A7368FE-77FD-4DF6-A2EC-7026F626C92D}.Debug|x64.ActiveCfg = Debug|Any CPU
		{8A7368FE-77FD-4DF6-A2EC-7026F626C92D}.Debug|x64.Build.0 = Debug|Any CPU
		{8A7368FE-77FD-4DF6-A2EC-7026F626C92D}.Debug|x86.ActiveCfg = Debug|Any CPU
		{8A7368FE-77FD-4DF6-A2EC-7026F626C92D}.Debug|x86.Build.0 = Debug|Any CPU
		{8A7368FE-77FD-4DF6-A2EC-7026F626C92D}.Release|Any CPU.ActiveCfg = Release|Any CPU
		{8A7368FE-77FD-4DF6-A2EC-7026F626C92D}.Release|Any CPU.Build.0 = Release|Any CPU
		{8A7368FE-77FD-4DF6-A2EC-7026F626C92D}.Release|ARM.ActiveCfg = Release|Any CPU
		{8A7368FE-77FD-4DF6-A2EC-7026F626C92D}.Release|ARM.Build.0 = Release|Any CPU
		{8A7368FE-77FD-4DF6-A2EC-7026F626C92D}.Release|iPhone.ActiveCfg = Release|Any CPU
		{8A7368FE-77FD-4DF6-A2EC-7026F626C92D}.Release|iPhone.Build.0 = Release|Any CPU
		{8A7368FE-77FD-4DF6-A2EC-7026F626C92D}.Release|iPhoneSimulator.ActiveCfg = Release|Any CPU
		{8A7368FE-77FD-4DF6-A2EC-7026F626C92D}.Release|iPhoneSimulator.Build.0 = Release|Any CPU
		{8A7368FE-77FD-4DF6-A2EC-7026F626C92D}.Release|x64.ActiveCfg = Release|Any CPU
		{8A7368FE-77FD-4DF6-A2EC-7026F626C92D}.Release|x64.Build.0 = Release|Any CPU
		{8A7368FE-77FD-4DF6-A2EC-7026F626C92D}.Release|x86.ActiveCfg = Release|Any CPU
		{8A7368FE-77FD-4DF6-A2EC-7026F626C92D}.Release|x86.Build.0 = Release|Any CPU
		{6321D685-E0CA-4E81-856E-ECE9A35E8C25}.Ad-Hoc|Any CPU.ActiveCfg = Release|Any CPU
		{6321D685-E0CA-4E81-856E-ECE9A35E8C25}.Ad-Hoc|Any CPU.Build.0 = Release|Any CPU
		{6321D685-E0CA-4E81-856E-ECE9A35E8C25}.Ad-Hoc|ARM.ActiveCfg = Release|Any CPU
		{6321D685-E0CA-4E81-856E-ECE9A35E8C25}.Ad-Hoc|ARM.Build.0 = Release|Any CPU
		{6321D685-E0CA-4E81-856E-ECE9A35E8C25}.Ad-Hoc|iPhone.ActiveCfg = Release|Any CPU
		{6321D685-E0CA-4E81-856E-ECE9A35E8C25}.Ad-Hoc|iPhone.Build.0 = Release|Any CPU
		{6321D685-E0CA-4E81-856E-ECE9A35E8C25}.Ad-Hoc|iPhoneSimulator.ActiveCfg = Release|Any CPU
		{6321D685-E0CA-4E81-856E-ECE9A35E8C25}.Ad-Hoc|iPhoneSimulator.Build.0 = Release|Any CPU
		{6321D685-E0CA-4E81-856E-ECE9A35E8C25}.Ad-Hoc|x64.ActiveCfg = Release|Any CPU
		{6321D685-E0CA-4E81-856E-ECE9A35E8C25}.Ad-Hoc|x64.Build.0 = Release|Any CPU
		{6321D685-E0CA-4E81-856E-ECE9A35E8C25}.Ad-Hoc|x86.ActiveCfg = Release|Any CPU
		{6321D685-E0CA-4E81-856E-ECE9A35E8C25}.Ad-Hoc|x86.Build.0 = Release|Any CPU
		{6321D685-E0CA-4E81-856E-ECE9A35E8C25}.AppStore|Any CPU.ActiveCfg = Release|Any CPU
		{6321D685-E0CA-4E81-856E-ECE9A35E8C25}.AppStore|Any CPU.Build.0 = Release|Any CPU
		{6321D685-E0CA-4E81-856E-ECE9A35E8C25}.AppStore|ARM.ActiveCfg = Release|Any CPU
		{6321D685-E0CA-4E81-856E-ECE9A35E8C25}.AppStore|ARM.Build.0 = Release|Any CPU
		{6321D685-E0CA-4E81-856E-ECE9A35E8C25}.AppStore|iPhone.ActiveCfg = Release|Any CPU
		{6321D685-E0CA-4E81-856E-ECE9A35E8C25}.AppStore|iPhone.Build.0 = Release|Any CPU
		{6321D685-E0CA-4E81-856E-ECE9A35E8C25}.AppStore|iPhoneSimulator.ActiveCfg = Release|Any CPU
		{6321D685-E0CA-4E81-856E-ECE9A35E8C25}.AppStore|iPhoneSimulator.Build.0 = Release|Any CPU
		{6321D685-E0CA-4E81-856E-ECE9A35E8C25}.AppStore|x64.ActiveCfg = Release|Any CPU
		{6321D685-E0CA-4E81-856E-ECE9A35E8C25}.AppStore|x64.Build.0 = Release|Any CPU
		{6321D685-E0CA-4E81-856E-ECE9A35E8C25}.AppStore|x86.ActiveCfg = Release|Any CPU
		{6321D685-E0CA-4E81-856E-ECE9A35E8C25}.AppStore|x86.Build.0 = Release|Any CPU
		{6321D685-E0CA-4E81-856E-ECE9A35E8C25}.Debug|Any CPU.ActiveCfg = Debug|Any CPU
		{6321D685-E0CA-4E81-856E-ECE9A35E8C25}.Debug|Any CPU.Build.0 = Debug|Any CPU
		{6321D685-E0CA-4E81-856E-ECE9A35E8C25}.Debug|ARM.ActiveCfg = Debug|Any CPU
		{6321D685-E0CA-4E81-856E-ECE9A35E8C25}.Debug|ARM.Build.0 = Debug|Any CPU
		{6321D685-E0CA-4E81-856E-ECE9A35E8C25}.Debug|iPhone.ActiveCfg = Debug|Any CPU
		{6321D685-E0CA-4E81-856E-ECE9A35E8C25}.Debug|iPhone.Build.0 = Debug|Any CPU
		{6321D685-E0CA-4E81-856E-ECE9A35E8C25}.Debug|iPhoneSimulator.ActiveCfg = Debug|Any CPU
		{6321D685-E0CA-4E81-856E-ECE9A35E8C25}.Debug|iPhoneSimulator.Build.0 = Debug|Any CPU
		{6321D685-E0CA-4E81-856E-ECE9A35E8C25}.Debug|x64.ActiveCfg = Debug|Any CPU
		{6321D685-E0CA-4E81-856E-ECE9A35E8C25}.Debug|x64.Build.0 = Debug|Any CPU
		{6321D685-E0CA-4E81-856E-ECE9A35E8C25}.Debug|x86.ActiveCfg = Debug|Any CPU
		{6321D685-E0CA-4E81-856E-ECE9A35E8C25}.Debug|x86.Build.0 = Debug|Any CPU
		{6321D685-E0CA-4E81-856E-ECE9A35E8C25}.Release|Any CPU.ActiveCfg = Release|Any CPU
		{6321D685-E0CA-4E81-856E-ECE9A35E8C25}.Release|Any CPU.Build.0 = Release|Any CPU
		{6321D685-E0CA-4E81-856E-ECE9A35E8C25}.Release|ARM.ActiveCfg = Release|Any CPU
		{6321D685-E0CA-4E81-856E-ECE9A35E8C25}.Release|ARM.Build.0 = Release|Any CPU
		{6321D685-E0CA-4E81-856E-ECE9A35E8C25}.Release|iPhone.ActiveCfg = Release|Any CPU
		{6321D685-E0CA-4E81-856E-ECE9A35E8C25}.Release|iPhone.Build.0 = Release|Any CPU
		{6321D685-E0CA-4E81-856E-ECE9A35E8C25}.Release|iPhoneSimulator.ActiveCfg = Release|Any CPU
		{6321D685-E0CA-4E81-856E-ECE9A35E8C25}.Release|iPhoneSimulator.Build.0 = Release|Any CPU
		{6321D685-E0CA-4E81-856E-ECE9A35E8C25}.Release|x64.ActiveCfg = Release|Any CPU
		{6321D685-E0CA-4E81-856E-ECE9A35E8C25}.Release|x64.Build.0 = Release|Any CPU
		{6321D685-E0CA-4E81-856E-ECE9A35E8C25}.Release|x86.ActiveCfg = Release|Any CPU
		{6321D685-E0CA-4E81-856E-ECE9A35E8C25}.Release|x86.Build.0 = Release|Any CPU
	EndGlobalSection
	GlobalSection(SolutionProperties) = preSolution
		HideSolutionNode = FALSE
	EndGlobalSection
EndGlobal
